
Microsoft Visual Studio Solution File, Format Version 12.00
# Visual Studio Version 17
VisualStudioVersion = 17.10.34916.146
MinimumVisualStudioVersion = 10.0.40219.1
Project("{FAE04EC0-301F-11D3-BF4B-00C04F79EFBC}") = "Homework-12.06.2024-Inheritance-Polymorphism", "Homework-12.06.2024-Inheritance-Polymorphism\Homework-12.06.2024-Inheritance-Polymorphism.csproj", "{BE0D6DE4-F57C-4CFA-853E-20E0A9F8AF7A}"
EndProject
Global
	GlobalSection(SolutionConfigurationPlatforms) = preSolution
		Debug|Any CPU = Debug|Any CPU
		Release|Any CPU = Release|Any CPU
	EndGlobalSection
	GlobalSection(ProjectConfigurationPlatforms) = postSolution
		{BE0D6DE4-F57C-4CFA-853E-20E0A9F8AF7A}.Debug|Any CPU.ActiveCfg = Debug|Any CPU
		{BE0D6DE4-F57C-4CFA-853E-20E0A9F8AF7A}.Debug|Any CPU.Build.0 = Debug|Any CPU
		{BE0D6DE4-F57C-4CFA-853E-20E0A9F8AF7A}.Release|Any CPU.ActiveCfg = Release|Any CPU
		{BE0D6DE4-F57C-4CFA-853E-20E0A9F8AF7A}.Release|Any CPU.Build.0 = Release|Any CPU
	EndGlobalSection
	GlobalSection(SolutionProperties) = preSolution
		HideSolutionNode = FALSE
	EndGlobalSection
	GlobalSection(ExtensibilityGlobals) = postSolution
		SolutionGuid = {ABF8DB43-6C53-440A-949F-FE1C2155E451}
	EndGlobalSection
EndGlobal
